
Microsoft Visual Studio Solution File, Format Version 12.00
# Visual Studio Version 16
VisualStudioVersion = 16.0.30413.136
MinimumVisualStudioVersion = 10.0.40219.1
Project("{FAE04EC0-301F-11D3-BF4B-00C04F79EFBC}") = "OperatorExercise", "OperatorExercise.csproj", "{DCD37A87-F73A-4BC4-AE47-EA723903AA2B}"
EndProject
Global
	GlobalSection(SolutionConfigurationPlatforms) = preSolution
		Debug|Any CPU = Debug|Any CPU
		Release|Any CPU = Release|Any CPU
	EndGlobalSection
	GlobalSection(ProjectConfigurationPlatforms) = postSolution
		{DCD37A87-F73A-4BC4-AE47-EA723903AA2B}.Debug|Any CPU.ActiveCfg = Debug|Any CPU
		{DCD37A87-F73A-4BC4-AE47-EA723903AA2B}.Debug|Any CPU.Build.0 = Debug|Any CPU
		{DCD37A87-F73A-4BC4-AE47-EA723903AA2B}.Release|Any CPU.ActiveCfg = Release|Any CPU
		{DCD37A87-F73A-4BC4-AE47-EA723903AA2B}.Release|Any CPU.Build.0 = Release|Any CPU
	EndGlobalSection
	GlobalSection(SolutionProperties) = preSolution
		HideSolutionNode = FALSE
	EndGlobalSection
	GlobalSection(ExtensibilityGlobals) = postSolution
		SolutionGuid = {31114718-7293-47E5-998F-517A7A158402}
	EndGlobalSection
EndGlobal
